
Microsoft Visual Studio Solution File, Format Version 12.00
# Visual Studio 2013
VisualStudioVersion = 12.0.21005.1
MinimumVisualStudioVersion = 10.0.40219.1
Project("{FAE04EC0-301F-11D3-BF4B-00C04F79EFBC}") = "Marry", "Marry\Marry.csproj", "{029B50D4-36E5-44CD-9B10-CF9CB8DAECD2}"
EndProject
Global
	GlobalSection(SolutionConfigurationPlatforms) = preSolution
		Debug|Any CPU = Debug|Any CPU
		Release|Any CPU = Release|Any CPU
	EndGlobalSection
	GlobalSection(ProjectConfigurationPlatforms) = postSolution
		{029B50D4-36E5-44CD-9B10-CF9CB8DAECD2}.Debug|Any CPU.ActiveCfg = Debug|Any CPU
		{029B50D4-36E5-44CD-9B10-CF9CB8DAECD2}.Debug|Any CPU.Build.0 = Debug|Any CPU
		{029B50D4-36E5-44CD-9B10-CF9CB8DAECD2}.Release|Any CPU.ActiveCfg = Release|Any CPU
		{029B50D4-36E5-44CD-9B10-CF9CB8DAECD2}.Release|Any CPU.Build.0 = Release|Any CPU
	EndGlobalSection
	GlobalSection(SolutionProperties) = preSolution
		HideSolutionNode = FALSE
	EndGlobalSection
EndGlobal
